{
  "name": "aqua-api-example",
  "version": "1.0.0",
  "lockfileVersion": 3,
  "requires": true,
  "packages": {
    "": {
      "name": "aqua-api-example",
      "version": "1.0.0",
      "license": "Apache-2.0",
      "dependencies": {
        "@fluencelabs/aqua-api": "file:/../aqua-api-npm"
      }
    },
    "../aqua-api-npm": {
      "version": "0.11.0",
      "license": "Apache-2.0",
      "devDependencies": {
        "@fluencelabs/fluence": "0.28.0"
      }
    },
    "node_modules/@fluencelabs/aqua-api": {
      "resolved": "../aqua-api-npm",
      "link": true
    }
  }
}
