{
  "name": "aqua-api-example",
  "version": "1.0.0",
  "lockfileVersion": 3,
  "requires": true,
  "packages": {
    "": {
      "name": "aqua-api-example",
      "version": "1.0.0",
      "license": "Apache-2.0",
      "dependencies": {
        "@fluencelabs/aqua-api": "0.10.5"
      }
    },
    "node_modules/@fluencelabs/aqua-api": {
      "version": "0.10.5",
      "resolved": "https://registry.npmjs.org/@fluencelabs/aqua-api/-/aqua-api-0.10.5.tgz",
      "integrity": "sha512-+XxWqQZ5cU4Q0TvLvnLWbP3xJWbe5tR8M4CcglzuIz5bJl9invdgki2AoK+d0MjpPLh71Y6TX14dTgdQM2GLwg=="
    }
  }
}
