{
  "name": "aqua-api-example",
  "version": "1.0.0",
  "lockfileVersion": 3,
  "requires": true,
  "packages": {
    "": {
      "name": "aqua-api-example",
      "version": "1.0.0",
      "license": "Apache-2.0",
      "dependencies": {
        "@fluencelabs/aqua-api": "0.10.6"
      }
    },
    "node_modules/@fluencelabs/aqua-api": {
      "version": "0.10.6",
      "resolved": "https://registry.npmjs.org/@fluencelabs/aqua-api/-/aqua-api-0.10.6.tgz",
      "integrity": "sha512-6nnGDSY0vhxUg+Zr9p4b5yjQEHfqjso+4XWCjVbD7sRh43odx0ZFnSxOBvmTdbRXX2elJlBB1CIDEfNWPNoq2g=="
    }
  }
}
