{
  "name": "aqua-api-example",
  "version": "1.0.0",
  "lockfileVersion": 3,
  "requires": true,
  "packages": {
    "": {
      "name": "aqua-api-example",
      "version": "1.0.0",
      "license": "Apache-2.0",
      "dependencies": {
        "@fluencelabs/aqua-api": "0.11.8"
      }
    },
    "node_modules/@fluencelabs/aqua-api": {
      "version": "0.11.8",
      "resolved": "https://registry.npmjs.org/@fluencelabs/aqua-api/-/aqua-api-0.11.8.tgz",
      "integrity": "sha512-96/jUuPYiDgvtC4BMGJzZxPyOtB/76oBBpNYBiG226r16+BN7o5Pm0TVCKdk4eB4psIPBakG47q9o68g6R0qSg=="
    }
  }
}
